// !$*UTF8*$!
{
	archiveVersion = 1;
	classes = {
	};
	objectVersion = 55;
	objects = {

/* Begin PBXBuildFile section */
		74C49DD3288C5CEA00A05630 /* AppDelegate.swift in Sources */ = {isa = PBXBuildFile; fileRef = 74C49DD2288C5CEA00A05630 /* AppDelegate.swift */; };
		74C49DD5288C5CEA00A05630 /* SceneDelegate.swift in Sources */ = {isa = PBXBuildFile; fileRef = 74C49DD4288C5CEA00A05630 /* SceneDelegate.swift */; };
		74C49DD7288C5CEA00A05630 /* ViewController.swift in Sources */ = {isa = PBXBuildFile; fileRef = 74C49DD6288C5CEA00A05630 /* ViewController.swift */; };
		74C49DDA288C5CEA00A05630 /* Main.storyboard in Resources */ = {isa = PBXBuildFile; fileRef = 74C49DD8288C5CEA00A05630 /* Main.storyboard */; };
		74C49DDC288C5CEC00A05630 /* Assets.xcassets in Resources */ = {isa = PBXBuildFile; fileRef = 74C49DDB288C5CEC00A05630 /* Assets.xcassets */; };
		74C49DDF288C5CEC00A05630 /* LaunchScreen.storyboard in Resources */ = {isa = PBXBuildFile; fileRef = 74C49DDD288C5CEC00A05630 /* LaunchScreen.storyboard */; };
		74C49DE7288C5D6C00A05630 /* Objects.swift in Sources */ = {isa = PBXBuildFile; fileRef = 74C49DE6288C5D6C00A05630 /* Objects.swift */; };
		9991192171347284DE6FE7EE /* Pods_GoogleMapsApp.framework in Frameworks */ = {isa = PBXBuildFile; fileRef = 015E0E1C52B21C79007E380A /* Pods_GoogleMapsApp.framework */; };
/* End PBXBuildFile section */

/* Begin PBXFileReference section */
		015E0E1C52B21C79007E380A /* Pods_GoogleMapsApp.framework */ = {isa = PBXFileReference; explicitFileType = wrapper.framework; includeInIndex = 0; path = Pods_GoogleMapsApp.framework; sourceTree = BUILT_PRODUCTS_DIR; };
		546650FE649322A206A097F5 /* Pods-GoogleMapsApp.release.xcconfig */ = {isa = PBXFileReference; includeInIndex = 1; lastKnownFileType = text.xcconfig; name = "Pods-GoogleMapsApp.release.xcconfig"; path = "Target Support Files/Pods-GoogleMapsApp/Pods-GoogleMapsApp.release.xcconfig"; sourceTree = "<group>"; };
		74C49DCF288C5CEA00A05630 /* GoogleMapsApp.app */ = {isa = PBXFileReference; explicitFileType = wrapper.application; includeInIndex = 0; path = GoogleMapsApp.app; sourceTree = BUILT_PRODUCTS_DIR; };
		74C49DD2288C5CEA00A05630 /* AppDelegate.swift */ = {isa = PBXFileReference; lastKnownFileType = sourcecode.swift; path = AppDelegate.swift; sourceTree = "<group>"; };
		74C49DD4288C5CEA00A05630 /* SceneDelegate.swift */ = {isa = PBXFileReference; lastKnownFileType = sourcecode.swift; path = SceneDelegate.swift; sourceTree = "<group>"; };
		74C49DD6288C5CEA00A05630 /* ViewController.swift */ = {isa = PBXFileReference; lastKnownFileType = sourcecode.swift; path = ViewController.swift; sourceTree = "<group>"; };
		74C49DD9288C5CEA00A05630 /* Base */ = {isa = PBXFileReference; lastKnownFileType = file.storyboard; name = Base; path = Base.lproj/Main.storyboard; sourceTree = "<group>"; };
		74C49DDB288C5CEC00A05630 /* Assets.xcassets */ = {isa = PBXFileReference; lastKnownFileType = folder.assetcatalog; path = Assets.xcassets; sourceTree = "<group>"; };
		74C49DDE288C5CEC00A05630 /* Base */ = {isa = PBXFileReference; lastKnownFileType = file.storyboard; name = Base; path = Base.lproj/LaunchScreen.storyboard; sourceTree = "<group>"; };
		74C49DE0288C5CEC00A05630 /* Info.plist */ = {isa = PBXFileReference; lastKnownFileType = text.plist.xml; path = Info.plist; sourceTree = "<group>"; };
		74C49DE6288C5D6C00A05630 /* Objects.swift */ = {isa = PBXFileReference; lastKnownFileType = sourcecode.swift; path = Objects.swift; sourceTree = "<group>"; };
		F2456298B670B0FFF995ED00 /* Pods-GoogleMapsApp.debug.xcconfig */ = {isa = PBXFileReference; includeInIndex = 1; lastKnownFileType = text.xcconfig; name = "Pods-GoogleMapsApp.debug.xcconfig"; path = "Target Support Files/Pods-GoogleMapsApp/Pods-GoogleMapsApp.debug.xcconfig"; sourceTree = "<group>"; };
/* End PBXFileReference section */

/* Begin PBXFrameworksBuildPhase section */
		74C49DCC288C5CEA00A05630 /* Frameworks */ = {
			isa = PBXFrameworksBuildPhase;
			buildActionMask = 2147483647;
			files = (
				9991192171347284DE6FE7EE /* Pods_GoogleMapsApp.framework in Frameworks */,
			);
			runOnlyForDeploymentPostprocessing = 0;
		};
/* End PBXFrameworksBuildPhase section */

/* Begin PBXGroup section */
		2918C0D04768D2BD4896FD87 /* Pods */ = {
			isa = PBXGroup;
			children = (
				F2456298B670B0FFF995ED00 /* Pods-GoogleMapsApp.debug.xcconfig */,
				546650FE649322A206A097F5 /* Pods-GoogleMapsApp.release.xcconfig */,
			);
			path = Pods;
			sourceTree = "<group>";
		};
		61A7D92950583ABBDB184627 /* Frameworks */ = {
			isa = PBXGroup;
			children = (
				015E0E1C52B21C79007E380A /* Pods_GoogleMapsApp.framework */,
			);
			name = Frameworks;
			sourceTree = "<group>";
		};
		74C49DC6288C5CEA00A05630 = {
			isa = PBXGroup;
			children = (
				74C49DD1288C5CEA00A05630 /* GoogleMapsApp */,
				74C49DD0288C5CEA00A05630 /* Products */,
				2918C0D04768D2BD4896FD87 /* Pods */,
				61A7D92950583ABBDB184627 /* Frameworks */,
			);
			sourceTree = "<group>";
		};
		74C49DD0288C5CEA00A05630 /* Products */ = {
			isa = PBXGroup;
			children = (
				74C49DCF288C5CEA00A05630 /* GoogleMapsApp.app */,
			);
			name = Products;
			sourceTree = "<group>";
		};
		74C49DD1288C5CEA00A05630 /* GoogleMapsApp */ = {
			isa = PBXGroup;
			children = (
				74C49DD2288C5CEA00A05630 /* AppDelegate.swift */,
				74C49DD4288C5CEA00A05630 /* SceneDelegate.swift */,
				74C49DD6288C5CEA00A05630 /* ViewController.swift */,
				74C49DE6288C5D6C00A05630 /* Objects.swift */,
				74C49DD8288C5CEA00A05630 /* Main.storyboard */,
				74C49DDB288C5CEC00A05630 /* Assets.xcassets */,
				74C49DDD288C5CEC00A05630 /* LaunchScreen.storyboard */,
				74C49DE0288C5CEC00A05630 /* Info.plist */,
			);
			path = GoogleMapsApp;
			sourceTree = "<group>";
		};
/* End PBXGroup section */

/* Begin PBXNativeTarget section */
		74C49DCE288C5CEA00A05630 /* GoogleMapsApp */ = {
			isa = PBXNativeTarget;
			buildConfigurationList = 74C49DE3288C5CEC00A05630 /* Build configuration list for PBXNativeTarget "GoogleMapsApp" */;
			buildPhases = (
				1C78EB2E4D3DECC057BBFD93 /* [CP] Check Pods Manifest.lock */,
				74C49DCB288C5CEA00A05630 /* Sources */,
				74C49DCC288C5CEA00A05630 /* Frameworks */,
				74C49DCD288C5CEA00A05630 /* Resources */,
				B08BE3B9A45702D2FC364B5E /* [CP] Embed Pods Frameworks */,
				489AE8681F2EF0EDA8E3D81B /* [CP] Copy Pods Resources */,
			);
			buildRules = (
			);
			dependencies = (
			);
			name = GoogleMapsApp;
			productName = GoogleMapsApp;
			productReference = 74C49DCF288C5CEA00A05630 /* GoogleMapsApp.app */;
			productType = "com.apple.product-type.application";
		};
/* End PBXNativeTarget section */

/* Begin PBXProject section */
		74C49DC7288C5CEA00A05630 /* Project object */ = {
			isa = PBXProject;
			attributes = {
				BuildIndependentTargetsInParallel = 1;
				LastSwiftUpdateCheck = 1320;
				LastUpgradeCheck = 1320;
				TargetAttributes = {
					74C49DCE288C5CEA00A05630 = {
						CreatedOnToolsVersion = 13.2.1;
					};
				};
			};
			buildConfigurationList = 74C49DCA288C5CEA00A05630 /* Build configuration list for PBXProject "GoogleMapsApp" */;
			compatibilityVersion = "Xcode 13.0";
			developmentRegion = en;
			hasScannedForEncodings = 0;
			knownRegions = (
				en,
				Base,
			);
			mainGroup = 74C49DC6288C5CEA00A05630;
			productRefGroup = 74C49DD0288C5CEA00A05630 /* Products */;
			projectDirPath = "";
			projectRoot = "";
			targets = (
				74C49DCE288C5CEA00A05630 /* GoogleMapsApp */,
			);
		};
/* End PBXProject section */

/* Begin PBXResourcesBuildPhase section */
		74C49DCD288C5CEA00A05630 /* Resources */ = {
			isa = PBXResourcesBuildPhase;
			buildActionMask = 2147483647;
			files = (
				74C49DDF288C5CEC00A05630 /* LaunchScreen.storyboard in Resources */,
				74C49DDC288C5CEC00A05630 /* Assets.xcassets in Resources */,
				74C49DDA288C5CEA00A05630 /* Main.storyboard in Resources */,
			);
			runOnlyForDeploymentPostprocessing = 0;
		};
/* End PBXResourcesBuildPhase section */

/* Begin PBXShellScriptBuildPhase section */
		1C78EB2E4D3DECC057BBFD93 /* [CP] Check Pods Manifest.lock */ = {
			isa = PBXShellScriptBuildPhase;
			buildActionMask = 2147483647;
			files = (
			);
			inputFileListPaths = (
			);
			inputPaths = (
				"${PODS_PODFILE_DIR_PATH}/Podfile.lock",
				"${PODS_ROOT}/Manifest.lock",
			);
			name = "[CP] Check Pods Manifest.lock";
			outputFileListPaths = (
			);
			outputPaths = (
				"$(DERIVED_FILE_DIR)/Pods-GoogleMapsApp-checkManifestLockResult.txt",
			);
			runOnlyForDeploymentPostprocessing = 0;
			shellPath = /bin/sh;
			shellScript = "diff \"${PODS_PODFILE_DIR_PATH}/Podfile.lock\" \"${PODS_ROOT}/Manifest.lock\" > /dev/null\nif [ $? != 0 ] ; then\n    # print error to STDERR\n    echo \"error: The sandbox is not in sync with the Podfile.lock. Run 'pod install' or update your CocoaPods installation.\" >&2\n    exit 1\nfi\n# This output is used by Xcode 'outputs' to avoid re-running this script phase.\necho \"SUCCESS\" > \"${SCRIPT_OUTPUT_FILE_0}\"\n";
			showEnvVarsInLog = 0;
		};
		489AE8681F2EF0EDA8E3D81B /* [CP] Copy Pods Resources */ = {
			isa = PBXShellScriptBuildPhase;
			buildActionMask = 2147483647;
			files = (
			);
			inputFileListPaths = (
				"${PODS_ROOT}/Target Support Files/Pods-GoogleMapsApp/Pods-GoogleMapsApp-resources-${CONFIGURATION}-input-files.xcfilelist",
			);
			name = "[CP] Copy Pods Resources";
			outputFileListPaths = (
				"${PODS_ROOT}/Target Support Files/Pods-GoogleMapsApp/Pods-GoogleMapsApp-resources-${CONFIGURATION}-output-files.xcfilelist",
			);
			runOnlyForDeploymentPostprocessing = 0;
			shellPath = /bin/sh;
			shellScript = "\"${PODS_ROOT}/Target Support Files/Pods-GoogleMapsApp/Pods-GoogleMapsApp-resources.sh\"\n";
			showEnvVarsInLog = 0;
		};
		B08BE3B9A45702D2FC364B5E /* [CP] Embed Pods Frameworks */ = {
			isa = PBXShellScriptBuildPhase;
			buildActionMask = 2147483647;
			files = (
			);
			inputFileListPaths = (
				"${PODS_ROOT}/Target Support Files/Pods-GoogleMapsApp/Pods-GoogleMapsApp-frameworks-${CONFIGURATION}-input-files.xcfilelist",
			);
			name = "[CP] Embed Pods Frameworks";
			outputFileListPaths = (
				"${PODS_ROOT}/Target Support Files/Pods-GoogleMapsApp/Pods-GoogleMapsApp-frameworks-${CONFIGURATION}-output-files.xcfilelist",
			);
			runOnlyForDeploymentPostprocessing = 0;
			shellPath = /bin/sh;
			shellScript = "\"${PODS_ROOT}/Target Support Files/Pods-GoogleMapsApp/Pods-GoogleMapsApp-frameworks.sh\"\n";
			showEnvVarsInLog = 0;
		};
/* End PBXShellScriptBuildPhase section */

/* Begin PBXSourcesBuildPhase section */
		74C49DCB288C5CEA00A05630 /* Sources */ = {
			isa = PBXSourcesBuildPhase;
			buildActionMask = 2147483647;
			files = (
				74C49DD7288C5CEA00A05630 /* ViewController.swift in Sources */,
				74C49DD3288C5CEA00A05630 /* AppDelegate.swift in Sources */,
				74C49DE7288C5D6C00A05630 /* Objects.swift in Sources */,
				74C49DD5288C5CEA00A05630 /* SceneDelegate.swift in Sources */,
			);
			runOnlyForDeploymentPostprocessing = 0;
		};
/* End PBXSourcesBuildPhase section */

/* Begin PBXVariantGroup section */
		74C49DD8288C5CEA00A05630 /* Main.storyboard */ = {
			isa = PBXVariantGroup;
			children = (
				74C49DD9288C5CEA00A05630 /* Base */,
			);
			name = Main.storyboard;
			sourceTree = "<group>";
		};
		74C49DDD288C5CEC00A05630 /* LaunchScreen.storyboard */ = {
			isa = PBXVariantGroup;
			children = (
				74C49DDE288C5CEC00A05630 /* Base */,
			);
			name = LaunchScreen.storyboard;
			sourceTree = "<group>";
		};
/* End PBXVariantGroup section */

/* Begin XCBuildConfiguration section */
		74C49DE1288C5CEC00A05630 /* Debug */ = {
			isa = XCBuildConfiguration;
			buildSettings = {
				ALWAYS_SEARCH_USER_PATHS = NO;
				CLANG_ANALYZER_NONNULL = YES;
				CLANG_ANALYZER_NUMBER_OBJECT_CONVERSION = YES_AGGRESSIVE;
				CLANG_CXX_LANGUAGE_STANDARD = "gnu++17";
				CLANG_CXX_LIBRARY = "libc++";
				CLANG_ENABLE_MODULES = YES;
				CLANG_ENABLE_OBJC_ARC = YES;
				CLANG_ENABLE_OBJC_WEAK = YES;
				CLANG_WARN_BLOCK_CAPTURE_AUTORELEASING = YES;
				CLANG_WARN_BOOL_CONVERSION = YES;
				CLANG_WARN_COMMA = YES;
				CLANG_WARN_CONSTANT_CONVERSION = YES;
				CLANG_WARN_DEPRECATED_OBJC_IMPLEMENTATIONS = YES;
				CLANG_WARN_DIRECT_OBJC_ISA_USAGE = YES_ERROR;
				CLANG_WARN_DOCUMENTATION_COMMENTS = YES;
				CLANG_WARN_EMPTY_BODY = YES;
				CLANG_WARN_ENUM_CONVERSION = YES;
				CLANG_WARN_INFINITE_RECURSION = YES;
				CLANG_WARN_INT_CONVERSION = YES;
				CLANG_WARN_NON_LITERAL_NULL_CONVERSION = YES;
				CLANG_WARN_OBJC_IMPLICIT_RETAIN_SELF = YES;
				CLANG_WARN_OBJC_LITERAL_CONVERSION = YES;
				CLANG_WARN_OBJC_ROOT_CLASS = YES_ERROR;
				CLANG_WARN_QUOTED_INCLUDE_IN_FRAMEWORK_HEADER = YES;
				CLANG_WARN_RANGE_LOOP_ANALYSIS = YES;
				CLANG_WARN_STRICT_PROTOTYPES = YES;
				CLANG_WARN_SUSPICIOUS_MOVE = YES;
				CLANG_WARN_UNGUARDED_AVAILABILITY = YES_AGGRESSIVE;
				CLANG_WARN_UNREACHABLE_CODE = YES;
				CLANG_WARN__DUPLICATE_METHOD_MATCH = YES;
				COPY_PHASE_STRIP = NO;
				DEBUG_INFORMATION_FORMAT = dwarf;
				ENABLE_STRICT_OBJC_MSGSEND = YES;
				ENABLE_TESTABILITY = YES;
				GCC_C_LANGUAGE_STANDARD = gnu11;
				GCC_DYNAMIC_NO_PIC = NO;
				GCC_NO_COMMON_BLOCKS = YES;
				GCC_OPTIMIZATION_LEVEL = 0;
				GCC_PREPROCESSOR_DEFINITIONS = (
					"DEBUG=1",
					"$(inherited)",
				);
				GCC_WARN_64_TO_32_BIT_CONVERSION = YES;
				GCC_WARN_ABOUT_RETURN_TYPE = YES_ERROR;
				GCC_WARN_UNDECLARED_SELECTOR = YES;
				GCC_WARN_UNINITIALIZED_AUTOS = YES_AGGRESSIVE;
				GCC_WARN_UNUSED_FUNCTION = YES;
				GCC_WARN_UNUSED_VARIABLE = YES;
				IPHONEOS_DEPLOYMENT_TARGET = 15.2;
				MTL_ENABLE_DEBUG_INFO = INCLUDE_SOURCE;
				MTL_FAST_MATH = YES;
				ONLY_ACTIVE_ARCH = YES;
				SDKROOT = iphoneos;
				SWIFT_ACTIVE_COMPILATION_CONDITIONS = DEBUG;
				SWIFT_OPTIMIZATION_LEVEL = "-Onone";
			};
			name = Debug;
		};
		74C49DE2288C5CEC00A05630 /* Release */ = {
			isa = XCBuildConfiguration;
			buildSettings = {
				ALWAYS_SEARCH_USER_PATHS = NO;
				CLANG_ANALYZER_NONNULL = YES;
				CLANG_ANALYZER_NUMBER_OBJECT_CONVERSION = YES_AGGRESSIVE;
				CLANG_CXX_LANGUAGE_STANDARD = "gnu++17";
				CLANG_CXX_LIBRARY = "libc++";
				CLANG_ENABLE_MODULES = YES;
				CLANG_ENABLE_OBJC_ARC = YES;
				CLANG_ENABLE_OBJC_WEAK = YES;
				CLANG_WARN_BLOCK_CAPTURE_AUTORELEASING = YES;
				CLANG_WARN_BOOL_CONVERSION = YES;
				CLANG_WARN_COMMA = YES;
				CLANG_WARN_CONSTANT_CONVERSION = YES;
				CLANG_WARN_DEPRECATED_OBJC_IMPLEMENTATIONS = YES;
				CLANG_WARN_DIRECT_OBJC_ISA_USAGE = YES_ERROR;
				CLANG_WARN_DOCUMENTATION_COMMENTS = YES;
				CLANG_WARN_EMPTY_BODY = YES;
				CLANG_WARN_ENUM_CONVERSION = YES;
				CLANG_WARN_INFINITE_RECURSION = YES;
				CLANG_WARN_INT_CONVERSION = YES;
				CLANG_WARN_NON_LITERAL_NULL_CONVERSION = YES;
				CLANG_WARN_OBJC_IMPLICIT_RETAIN_SELF = YES;
				CLANG_WARN_OBJC_LITERAL_CONVERSION = YES;
				CLANG_WARN_OBJC_ROOT_CLASS = YES_ERROR;
				CLANG_WARN_QUOTED_INCLUDE_IN_FRAMEWORK_HEADER = YES;
				CLANG_WARN_RANGE_LOOP_ANALYSIS = YES;
				CLANG_WARN_STRICT_PROTOTYPES = YES;
				CLANG_WARN_SUSPICIOUS_MOVE = YES;
				CLANG_WARN_UNGUARDED_AVAILABILITY = YES_AGGRESSIVE;
				CLANG_WARN_UNREACHABLE_CODE = YES;
				CLANG_WARN__DUPLICATE_METHOD_MATCH = YES;
				COPY_PHASE_STRIP = NO;
				DEBUG_INFORMATION_FORMAT = "dwarf-with-dsym";
				ENABLE_NS_ASSERTIONS = NO;
				ENABLE_STRICT_OBJC_MSGSEND = YES;
				GCC_C_LANGUAGE_STANDARD = gnu11;
				GCC_NO_COMMON_BLOCKS = YES;
				GCC_WARN_64_TO_32_BIT_CONVERSION = YES;
				GCC_WARN_ABOUT_RETURN_TYPE = YES_ERROR;
				GCC_WARN_UNDECLARED_SELECTOR = YES;
				GCC_WARN_UNINITIALIZED_AUTOS = YES_AGGRESSIVE;
				GCC_WARN_UNUSED_FUNCTION = YES;
				GCC_WARN_UNUSED_VARIABLE = YES;
				IPHONEOS_DEPLOYMENT_TARGET = 15.2;
				MTL_ENABLE_DEBUG_INFO = NO;
				MTL_FAST_MATH = YES;
				SDKROOT = iphoneos;
				SWIFT_COMPILATION_MODE = wholemodule;
				SWIFT_OPTIMIZATION_LEVEL = "-O";
				VALIDATE_PRODUCT = YES;
			};
			name = Release;
		};
		74C49DE4288C5CEC00A05630 /* Debug */ = {
			isa = XCBuildConfiguration;
			baseConfigurationReference = F2456298B670B0FFF995ED00 /* Pods-GoogleMapsApp.debug.xcconfig */;
			buildSettings = {
				ASSETCATALOG_COMPILER_APPICON_NAME = AppIcon;
				ASSETCATALOG_COMPILER_GLOBAL_ACCENT_COLOR_NAME = AccentColor;
				CODE_SIGN_STYLE = Automatic;
				CURRENT_PROJECT_VERSION = 1;
				DEVELOPMENT_TEAM = C59A4SCRJ3;
				GENERATE_INFOPLIST_FILE = YES;
				INFOPLIST_FILE = GoogleMapsApp/Info.plist;
				INFOPLIST_KEY_UIApplicationSupportsIndirectInputEvents = YES;
				INFOPLIST_KEY_UILaunchStoryboardName = LaunchScreen;
				INFOPLIST_KEY_UIMainStoryboardFile = Main;
				INFOPLIST_KEY_UISupportedInterfaceOrientations_iPad = "UIInterfaceOrientationPortrait UIInterfaceOrientationPortraitUpsideDown UIInterfaceOrientationLandscapeLeft UIInterfaceOrientationLandscapeRight";
				INFOPLIST_KEY_UISupportedInterfaceOrientations_iPhone = "UIInterfaceOrientationPortrait UIInterfaceOrientationLandscapeLeft UIInterfaceOrientationLandscapeRight";
				IPHONEOS_DEPLOYMENT_TARGET = 15.0;
				LD_RUNPATH_SEARCH_PATHS = (
					"$(inherited)",
					"@executable_path/Frameworks",
				);
				MARKETING_VERSION = 1.0;
				PRODUCT_BUNDLE_IDENTIFIER = "-.GoogleMapsApp";
				PRODUCT_NAME = "$(TARGET_NAME)";
				SWIFT_EMIT_LOC_STRINGS = YES;
				SWIFT_VERSION = 5.0;
				TARGETED_DEVICE_FAMILY = "1,2";
			};
			name = Debug;
		};
		74C49DE5288C5CEC00A05630 /* Release */ = {
			isa = XCBuildConfiguration;
			baseConfigurationReference = 546650FE649322A206A097F5 /* Pods-GoogleMapsApp.release.xcconfig */;
			buildSettings = {
				ASSETCATALOG_COMPILER_APPICON_NAME = AppIcon;
				ASSETCATALOG_COMPILER_GLOBAL_ACCENT_COLOR_NAME = AccentColor;
				CODE_SIGN_STYLE = Automatic;
				CURRENT_PROJECT_VERSION = 1;
				DEVELOPMENT_TEAM = C59A4SCRJ3;
				GENERATE_INFOPLIST_FILE = YES;
				INFOPLIST_FILE = GoogleMapsApp/Info.plist;
				INFOPLIST_KEY_UIApplicationSupportsIndirectInputEvents = YES;
				INFOPLIST_KEY_UILaunchStoryboardName = LaunchScreen;
				INFOPLIST_KEY_UIMainStoryboardFile = Main;
				INFOPLIST_KEY_UISupportedInterfaceOrientations_iPad = "UIInterfaceOrientationPortrait UIInterfaceOrientationPortraitUpsideDown UIInterfaceOrientationLandscapeLeft UIInterfaceOrientationLandscapeRight";
				INFOPLIST_KEY_UISupportedInterfaceOrientations_iPhone = "UIInterfaceOrientationPortrait UIInterfaceOrientationLandscapeLeft UIInterfaceOrientationLandscapeRight";
				IPHONEOS_DEPLOYMENT_TARGET = 15.0;
				LD_RUNPATH_SEARCH_PATHS = (
					"$(inherited)",
					"@executable_path/Frameworks",
				);
				MARKETING_VERSION = 1.0;
				PRODUCT_BUNDLE_IDENTIFIER = "-.GoogleMapsApp";
				PRODUCT_NAME = "$(TARGET_NAME)";
				SWIFT_EMIT_LOC_STRINGS = YES;
				SWIFT_VERSION = 5.0;
				TARGETED_DEVICE_FAMILY = "1,2";
			};
			name = Release;
		};
/* End XCBuildConfiguration section */

/* Begin XCConfigurationList section */
		74C49DCA288C5CEA00A05630 /* Build configuration list for PBXProject "GoogleMapsApp" */ = {
			isa = XCConfigurationList;
			buildConfigurations = (
				74C49DE1288C5CEC00A05630 /* Debug */,
				74C49DE2288C5CEC00A05630 /* Release */,
			);
			defaultConfigurationIsVisible = 0;
			defaultConfigurationName = Release;
		};
		74C49DE3288C5CEC00A05630 /* Build configuration list for PBXNativeTarget "GoogleMapsApp" */ = {
			isa = XCConfigurationList;
			buildConfigurations = (
				74C49DE4288C5CEC00A05630 /* Debug */,
				74C49DE5288C5CEC00A05630 /* Release */,
			);
			defaultConfigurationIsVisible = 0;
			defaultConfigurationName = Release;
		};
/* End XCConfigurationList section */
	};
	rootObject = 74C49DC7288C5CEA00A05630 /* Project object */;
}
